
Microsoft Visual Studio Solution File, Format Version 12.00
# Visual Studio Version 16
VisualStudioVersion = 16.0.31205.134
MinimumVisualStudioVersion = 10.0.40219.1
Project("{FAE04EC0-301F-11D3-BF4B-00C04F79EFBC}") = "SmtpMail", "SmtpMail\SmtpMail.csproj", "{F7CF674E-ECEF-4149-B04B-13F56A3079CF}"
EndProject
Global
	GlobalSection(SolutionConfigurationPlatforms) = preSolution
		Debug|Any CPU = Debug|Any CPU
		Release|Any CPU = Release|Any CPU
	EndGlobalSection
	GlobalSection(ProjectConfigurationPlatforms) = postSolution
		{F7CF674E-ECEF-4149-B04B-13F56A3079CF}.Debug|Any CPU.ActiveCfg = Debug|Any CPU
		{F7CF674E-ECEF-4149-B04B-13F56A3079CF}.Debug|Any CPU.Build.0 = Debug|Any CPU
		{F7CF674E-ECEF-4149-B04B-13F56A3079CF}.Release|Any CPU.ActiveCfg = Release|Any CPU
		{F7CF674E-ECEF-4149-B04B-13F56A3079CF}.Release|Any CPU.Build.0 = Release|Any CPU
	EndGlobalSection
	GlobalSection(SolutionProperties) = preSolution
		HideSolutionNode = FALSE
	EndGlobalSection
	GlobalSection(ExtensibilityGlobals) = postSolution
		SolutionGuid = {C5DA0EDC-EA30-4FE1-8BED-35225930BF4E}
	EndGlobalSection
EndGlobal
